
Microsoft Visual Studio Solution File, Format Version 12.00
# Visual Studio Version 17
VisualStudioVersion = 17.1.32328.378
MinimumVisualStudioVersion = 10.0.40219.1
Project("{FAE04EC0-301F-11D3-BF4B-00C04F79EFBC}") = "BookStore", "BookStore\BookStore.csproj", "{BAF05C78-25BB-4F06-B0F9-38FA7A75A227}"
EndProject
Global
	GlobalSection(SolutionConfigurationPlatforms) = preSolution
		Debug|Any CPU = Debug|Any CPU
		Release|Any CPU = Release|Any CPU
	EndGlobalSection
	GlobalSection(ProjectConfigurationPlatforms) = postSolution
		{BAF05C78-25BB-4F06-B0F9-38FA7A75A227}.Debug|Any CPU.ActiveCfg = Debug|Any CPU
		{BAF05C78-25BB-4F06-B0F9-38FA7A75A227}.Debug|Any CPU.Build.0 = Debug|Any CPU
		{BAF05C78-25BB-4F06-B0F9-38FA7A75A227}.Release|Any CPU.ActiveCfg = Release|Any CPU
		{BAF05C78-25BB-4F06-B0F9-38FA7A75A227}.Release|Any CPU.Build.0 = Release|Any CPU
	EndGlobalSection
	GlobalSection(SolutionProperties) = preSolution
		HideSolutionNode = FALSE
	EndGlobalSection
	GlobalSection(ExtensibilityGlobals) = postSolution
		SolutionGuid = {524220FB-12CA-4EA6-A519-6D1CAFBA2D7D}
	EndGlobalSection
EndGlobal
